
Microsoft Visual Studio Solution File, Format Version 12.00
# Visual Studio Version 17
VisualStudioVersion = 17.6.33815.320
MinimumVisualStudioVersion = 10.0.40219.1
Project("{FAE04EC0-301F-11D3-BF4B-00C04F79EFBC}") = "Practical_14", "Practical_14.csproj", "{2960094E-AF0A-4848-8F29-A38587A97B1B}"
EndProject
Global
	GlobalSection(SolutionConfigurationPlatforms) = preSolution
		Debug|Any CPU = Debug|Any CPU
		Release|Any CPU = Release|Any CPU
	EndGlobalSection
	GlobalSection(ProjectConfigurationPlatforms) = postSolution
		{2960094E-AF0A-4848-8F29-A38587A97B1B}.Debug|Any CPU.ActiveCfg = Debug|Any CPU
		{2960094E-AF0A-4848-8F29-A38587A97B1B}.Debug|Any CPU.Build.0 = Debug|Any CPU
		{2960094E-AF0A-4848-8F29-A38587A97B1B}.Release|Any CPU.ActiveCfg = Release|Any CPU
		{2960094E-AF0A-4848-8F29-A38587A97B1B}.Release|Any CPU.Build.0 = Release|Any CPU
	EndGlobalSection
	GlobalSection(SolutionProperties) = preSolution
		HideSolutionNode = FALSE
	EndGlobalSection
	GlobalSection(ExtensibilityGlobals) = postSolution
		SolutionGuid = {C3369F64-DE6A-485E-A5BE-D5C84C3FFB10}
	EndGlobalSection
EndGlobal
